
Microsoft Visual Studio Solution File, Format Version 12.00
# Visual Studio Version 17
VisualStudioVersion = 17.5.002.0
MinimumVisualStudioVersion = 10.0.40219.1
Project("{9A19103F-16F7-4668-BE54-9A1E7A4F7556}") = "Exo.WebApi", "Exo.WebApi.csproj", "{4E4769DA-1D5E-48B9-831F-0B02EF0B6CAE}"
EndProject
Global
	GlobalSection(SolutionConfigurationPlatforms) = preSolution
		Debug|Any CPU = Debug|Any CPU
		Release|Any CPU = Release|Any CPU
	EndGlobalSection
	GlobalSection(ProjectConfigurationPlatforms) = postSolution
		{4E4769DA-1D5E-48B9-831F-0B02EF0B6CAE}.Debug|Any CPU.ActiveCfg = Debug|Any CPU
		{4E4769DA-1D5E-48B9-831F-0B02EF0B6CAE}.Debug|Any CPU.Build.0 = Debug|Any CPU
		{4E4769DA-1D5E-48B9-831F-0B02EF0B6CAE}.Release|Any CPU.ActiveCfg = Release|Any CPU
		{4E4769DA-1D5E-48B9-831F-0B02EF0B6CAE}.Release|Any CPU.Build.0 = Release|Any CPU
	EndGlobalSection
	GlobalSection(SolutionProperties) = preSolution
		HideSolutionNode = FALSE
	EndGlobalSection
	GlobalSection(ExtensibilityGlobals) = postSolution
		SolutionGuid = {8CD734BB-CD87-4618-916D-A6617F47EF87}
	EndGlobalSection
EndGlobal
